
Microsoft Visual Studio Solution File, Format Version 12.00
# Visual Studio Version 16
VisualStudioVersion = 16.0.31515.178
MinimumVisualStudioVersion = 10.0.40219.1
Project("{8BC9CEB8-8B4A-11D0-8D11-00A0C91BC942}") = "Exam(TestSystem)", "Exam(TestSystem)\Exam(TestSystem).vcxproj", "{F614304A-E631-4A67-AD0E-30B0CA45D03C}"
EndProject
Global
	GlobalSection(SolutionConfigurationPlatforms) = preSolution
		Debug|x64 = Debug|x64
		Debug|x86 = Debug|x86
		Release|x64 = Release|x64
		Release|x86 = Release|x86
	EndGlobalSection
	GlobalSection(ProjectConfigurationPlatforms) = postSolution
		{F614304A-E631-4A67-AD0E-30B0CA45D03C}.Debug|x64.ActiveCfg = Debug|x64
		{F614304A-E631-4A67-AD0E-30B0CA45D03C}.Debug|x64.Build.0 = Debug|x64
		{F614304A-E631-4A67-AD0E-30B0CA45D03C}.Debug|x86.ActiveCfg = Debug|Win32
		{F614304A-E631-4A67-AD0E-30B0CA45D03C}.Debug|x86.Build.0 = Debug|Win32
		{F614304A-E631-4A67-AD0E-30B0CA45D03C}.Release|x64.ActiveCfg = Release|x64
		{F614304A-E631-4A67-AD0E-30B0CA45D03C}.Release|x64.Build.0 = Release|x64
		{F614304A-E631-4A67-AD0E-30B0CA45D03C}.Release|x86.ActiveCfg = Release|Win32
		{F614304A-E631-4A67-AD0E-30B0CA45D03C}.Release|x86.Build.0 = Release|Win32
	EndGlobalSection
	GlobalSection(SolutionProperties) = preSolution
		HideSolutionNode = FALSE
	EndGlobalSection
	GlobalSection(ExtensibilityGlobals) = postSolution
		SolutionGuid = {C9E582CF-47C6-41A7-8EED-5CBC36E2D5E5}
	EndGlobalSection
EndGlobal
